
Microsoft Visual Studio Solution File, Format Version 12.00
# Visual Studio Version 17
VisualStudioVersion = 17.4.33103.184
MinimumVisualStudioVersion = 10.0.40219.1
Project("{9A19103F-16F7-4668-BE54-9A1E7A4F7556}") = "WpfApp1", "WpfApp1\WpfApp1.csproj", "{9803DE25-C427-4340-AF63-A8AB555582A0}"
EndProject
Project("{FAE04EC0-301F-11D3-BF4B-00C04F79EFBC}") = "ModuleA", "ModuleA\ModuleA.csproj", "{DB32E6D5-88D0-4C36-B01A-C4D94FBC719B}"
EndProject
Project("{FAE04EC0-301F-11D3-BF4B-00C04F79EFBC}") = "ModuleB", "ModuleB\ModuleB.csproj", "{6B78363C-2784-4BB1-A5AB-C66531F29C00}"
EndProject
Global
	GlobalSection(SolutionConfigurationPlatforms) = preSolution
		Debug|Any CPU = Debug|Any CPU
		Release|Any CPU = Release|Any CPU
	EndGlobalSection
	GlobalSection(ProjectConfigurationPlatforms) = postSolution
		{9803DE25-C427-4340-AF63-A8AB555582A0}.Debug|Any CPU.ActiveCfg = Debug|Any CPU
		{9803DE25-C427-4340-AF63-A8AB555582A0}.Debug|Any CPU.Build.0 = Debug|Any CPU
		{9803DE25-C427-4340-AF63-A8AB555582A0}.Release|Any CPU.ActiveCfg = Release|Any CPU
		{9803DE25-C427-4340-AF63-A8AB555582A0}.Release|Any CPU.Build.0 = Release|Any CPU
		{DB32E6D5-88D0-4C36-B01A-C4D94FBC719B}.Debug|Any CPU.ActiveCfg = Debug|Any CPU
		{DB32E6D5-88D0-4C36-B01A-C4D94FBC719B}.Debug|Any CPU.Build.0 = Debug|Any CPU
		{DB32E6D5-88D0-4C36-B01A-C4D94FBC719B}.Release|Any CPU.ActiveCfg = Release|Any CPU
		{DB32E6D5-88D0-4C36-B01A-C4D94FBC719B}.Release|Any CPU.Build.0 = Release|Any CPU
		{6B78363C-2784-4BB1-A5AB-C66531F29C00}.Debug|Any CPU.ActiveCfg = Debug|Any CPU
		{6B78363C-2784-4BB1-A5AB-C66531F29C00}.Debug|Any CPU.Build.0 = Debug|Any CPU
		{6B78363C-2784-4BB1-A5AB-C66531F29C00}.Release|Any CPU.ActiveCfg = Release|Any CPU
		{6B78363C-2784-4BB1-A5AB-C66531F29C00}.Release|Any CPU.Build.0 = Release|Any CPU
	EndGlobalSection
	GlobalSection(SolutionProperties) = preSolution
		HideSolutionNode = FALSE
	EndGlobalSection
	GlobalSection(ExtensibilityGlobals) = postSolution
		SolutionGuid = {6727B834-8118-4284-8AFC-A5B7C7385EF5}
	EndGlobalSection
EndGlobal
