
Microsoft Visual Studio Solution File, Format Version 12.00
# Visual Studio 2012
Project("{FAE04EC0-301F-11D3-BF4B-00C04F79EFBC}") = "BubbleLabelClick", "BubbleLabelClick\BubbleLabelClick.csproj", "{4DBE64E3-D7FD-4506-AF8B-014592518BD1}"
EndProject
Project("{FAE04EC0-301F-11D3-BF4B-00C04F79EFBC}") = "AttachClickEvent", "AttachClickEvent\AttachClickEvent.csproj", "{C0683071-56C8-4E4B-8BC4-A36C29896734}"
EndProject
Project("{FAE04EC0-301F-11D3-BF4B-00C04F79EFBC}") = "TunneleEvent", "TunneleEvent\TunneleEvent.csproj", "{82CF8B33-7BBA-4587-A2B7-4605F347987E}"
EndProject
Global
	GlobalSection(SolutionConfigurationPlatforms) = preSolution
		Debug|Any CPU = Debug|Any CPU
		Release|Any CPU = Release|Any CPU
	EndGlobalSection
	GlobalSection(ProjectConfigurationPlatforms) = postSolution
		{4DBE64E3-D7FD-4506-AF8B-014592518BD1}.Debug|Any CPU.ActiveCfg = Debug|Any CPU
		{4DBE64E3-D7FD-4506-AF8B-014592518BD1}.Debug|Any CPU.Build.0 = Debug|Any CPU
		{4DBE64E3-D7FD-4506-AF8B-014592518BD1}.Release|Any CPU.ActiveCfg = Release|Any CPU
		{4DBE64E3-D7FD-4506-AF8B-014592518BD1}.Release|Any CPU.Build.0 = Release|Any CPU
		{C0683071-56C8-4E4B-8BC4-A36C29896734}.Debug|Any CPU.ActiveCfg = Debug|Any CPU
		{C0683071-56C8-4E4B-8BC4-A36C29896734}.Debug|Any CPU.Build.0 = Debug|Any CPU
		{C0683071-56C8-4E4B-8BC4-A36C29896734}.Release|Any CPU.ActiveCfg = Release|Any CPU
		{C0683071-56C8-4E4B-8BC4-A36C29896734}.Release|Any CPU.Build.0 = Release|Any CPU
		{82CF8B33-7BBA-4587-A2B7-4605F347987E}.Debug|Any CPU.ActiveCfg = Debug|Any CPU
		{82CF8B33-7BBA-4587-A2B7-4605F347987E}.Debug|Any CPU.Build.0 = Debug|Any CPU
		{82CF8B33-7BBA-4587-A2B7-4605F347987E}.Release|Any CPU.ActiveCfg = Release|Any CPU
		{82CF8B33-7BBA-4587-A2B7-4605F347987E}.Release|Any CPU.Build.0 = Release|Any CPU
	EndGlobalSection
	GlobalSection(SolutionProperties) = preSolution
		HideSolutionNode = FALSE
	EndGlobalSection
EndGlobal
