
Microsoft Visual Studio Solution File, Format Version 12.00
# Visual Studio Version 17
VisualStudioVersion = 17.4.33103.184
MinimumVisualStudioVersion = 10.0.40219.1
Project("{FAE04EC0-301F-11D3-BF4B-00C04F79EFBC}") = "RoutedEvent", "RoutedEvent\RoutedEvent.csproj", "{0B828AC0-0645-4216-8DB2-D9A7B6E55930}"
EndProject
Global
	GlobalSection(SolutionConfigurationPlatforms) = preSolution
		Debug|Any CPU = Debug|Any CPU
		Release|Any CPU = Release|Any CPU
	EndGlobalSection
	GlobalSection(ProjectConfigurationPlatforms) = postSolution
		{0B828AC0-0645-4216-8DB2-D9A7B6E55930}.Debug|Any CPU.ActiveCfg = Debug|Any CPU
		{0B828AC0-0645-4216-8DB2-D9A7B6E55930}.Debug|Any CPU.Build.0 = Debug|Any CPU
		{0B828AC0-0645-4216-8DB2-D9A7B6E55930}.Release|Any CPU.ActiveCfg = Release|Any CPU
		{0B828AC0-0645-4216-8DB2-D9A7B6E55930}.Release|Any CPU.Build.0 = Release|Any CPU
	EndGlobalSection
	GlobalSection(SolutionProperties) = preSolution
		HideSolutionNode = FALSE
	EndGlobalSection
	GlobalSection(ExtensibilityGlobals) = postSolution
		SolutionGuid = {5112DEAA-F162-452C-A3C3-5E6F839DFE34}
	EndGlobalSection
EndGlobal
